
Microsoft Visual Studio Solution File, Format Version 12.00
# Visual Studio Version 17
VisualStudioVersion = 17.0.32112.339
MinimumVisualStudioVersion = 10.0.40219.1
Project("{FAE04EC0-301F-11D3-BF4B-00C04F79EFBC}") = "PrimeNo", "PrimeNo.csproj", "{A10737E4-FE5A-4083-AE2B-A3F7F611D1AD}"
EndProject
Global
	GlobalSection(SolutionConfigurationPlatforms) = preSolution
		Debug|Any CPU = Debug|Any CPU
		Release|Any CPU = Release|Any CPU
	EndGlobalSection
	GlobalSection(ProjectConfigurationPlatforms) = postSolution
		{A10737E4-FE5A-4083-AE2B-A3F7F611D1AD}.Debug|Any CPU.ActiveCfg = Debug|Any CPU
		{A10737E4-FE5A-4083-AE2B-A3F7F611D1AD}.Debug|Any CPU.Build.0 = Debug|Any CPU
		{A10737E4-FE5A-4083-AE2B-A3F7F611D1AD}.Release|Any CPU.ActiveCfg = Release|Any CPU
		{A10737E4-FE5A-4083-AE2B-A3F7F611D1AD}.Release|Any CPU.Build.0 = Release|Any CPU
	EndGlobalSection
	GlobalSection(SolutionProperties) = preSolution
		HideSolutionNode = FALSE
	EndGlobalSection
	GlobalSection(ExtensibilityGlobals) = postSolution
		SolutionGuid = {15ECD094-696C-4980-BCB4-A5D8BAD57434}
	EndGlobalSection
EndGlobal
